
Microsoft Visual Studio Solution File, Format Version 12.00
# Visual Studio Version 17
VisualStudioVersion = 17.0.31903.59
MinimumVisualStudioVersion = 10.0.40219.1
Project("{FAE04EC0-301F-11D3-BF4B-00C04F79EFBC}") = "UserDemo.DataAccess", "src\UserDemo.DataAccess\UserDemo.DataAccess.csproj", "{C13173F8-406E-4F3A-8D20-A3096761C247}"
EndProject
Project("{FAE04EC0-301F-11D3-BF4B-00C04F79EFBC}") = "UserDemo.Service", "src\UserDemo.Service\UserDemo.Service.csproj", "{2BA2957B-5124-43FF-BF28-210380E9285F}"
EndProject
Project("{FAE04EC0-301F-11D3-BF4B-00C04F79EFBC}") = "UserDemo.Web", "UserDemo.Web\UserDemo.Web.csproj", "{18977248-2962-4C0C-AD9F-26DF0FF8BEB0}"
EndProject
Project("{FAE04EC0-301F-11D3-BF4B-00C04F79EFBC}") = "UserDemo.Domain", "src\UserDemo.Domain\UserDemo.Domain.csproj", "{7592C515-E815-4556-A999-0D4854EC3298}"
EndProject
Global
	GlobalSection(SolutionConfigurationPlatforms) = preSolution
		Debug|Any CPU = Debug|Any CPU
		Release|Any CPU = Release|Any CPU
	EndGlobalSection
	GlobalSection(ProjectConfigurationPlatforms) = postSolution
		{C13173F8-406E-4F3A-8D20-A3096761C247}.Debug|Any CPU.ActiveCfg = Debug|Any CPU
		{C13173F8-406E-4F3A-8D20-A3096761C247}.Debug|Any CPU.Build.0 = Debug|Any CPU
		{C13173F8-406E-4F3A-8D20-A3096761C247}.Release|Any CPU.ActiveCfg = Release|Any CPU
		{C13173F8-406E-4F3A-8D20-A3096761C247}.Release|Any CPU.Build.0 = Release|Any CPU
		{2BA2957B-5124-43FF-BF28-210380E9285F}.Debug|Any CPU.ActiveCfg = Debug|Any CPU
		{2BA2957B-5124-43FF-BF28-210380E9285F}.Debug|Any CPU.Build.0 = Debug|Any CPU
		{2BA2957B-5124-43FF-BF28-210380E9285F}.Release|Any CPU.ActiveCfg = Release|Any CPU
		{2BA2957B-5124-43FF-BF28-210380E9285F}.Release|Any CPU.Build.0 = Release|Any CPU
		{18977248-2962-4C0C-AD9F-26DF0FF8BEB0}.Debug|Any CPU.ActiveCfg = Debug|Any CPU
		{18977248-2962-4C0C-AD9F-26DF0FF8BEB0}.Debug|Any CPU.Build.0 = Debug|Any CPU
		{18977248-2962-4C0C-AD9F-26DF0FF8BEB0}.Release|Any CPU.ActiveCfg = Release|Any CPU
		{18977248-2962-4C0C-AD9F-26DF0FF8BEB0}.Release|Any CPU.Build.0 = Release|Any CPU
		{7592C515-E815-4556-A999-0D4854EC3298}.Debug|Any CPU.ActiveCfg = Debug|Any CPU
		{7592C515-E815-4556-A999-0D4854EC3298}.Debug|Any CPU.Build.0 = Debug|Any CPU
		{7592C515-E815-4556-A999-0D4854EC3298}.Release|Any CPU.ActiveCfg = Release|Any CPU
		{7592C515-E815-4556-A999-0D4854EC3298}.Release|Any CPU.Build.0 = Release|Any CPU
	EndGlobalSection
	GlobalSection(SolutionProperties) = preSolution
		HideSolutionNode = FALSE
	EndGlobalSection
	GlobalSection(ExtensibilityGlobals) = postSolution
		SolutionGuid = {6B5ECA0E-DEDE-40EC-B5F3-D292D89F7C9D}
	EndGlobalSection
EndGlobal
